// !$*UTF8*$!
{
	archiveVersion = 1;
	classes = {
	};
	objectVersion = 56;
	objects = {

/* Begin PBXBuildFile section */
		5310AD442B4E23880017ED9A /* SusViewController.swift in Sources */ = {isa = PBXBuildFile; fileRef = 5310AD432B4E23880017ED9A /* SusViewController.swift */; };
		536DCDF42B2610800013F5C6 /* QuestionsViewController.swift in Sources */ = {isa = PBXBuildFile; fileRef = 536DCDF32B2610800013F5C6 /* QuestionsViewController.swift */; };
		536E484D2B57B1DD0067A24D /* ScoreViewController.swift in Sources */ = {isa = PBXBuildFile; fileRef = 536E484C2B57B1DD0067A24D /* ScoreViewController.swift */; };
		5389CA372B1EB61C008EEFC3 /* AppDelegate.swift in Sources */ = {isa = PBXBuildFile; fileRef = 5389CA362B1EB61C008EEFC3 /* AppDelegate.swift */; };
		5389CA392B1EB61C008EEFC3 /* SceneDelegate.swift in Sources */ = {isa = PBXBuildFile; fileRef = 5389CA382B1EB61C008EEFC3 /* SceneDelegate.swift */; };
		5389CA3E2B1EB61C008EEFC3 /* Main.storyboard in Resources */ = {isa = PBXBuildFile; fileRef = 5389CA3C2B1EB61C008EEFC3 /* Main.storyboard */; };
		5389CA402B1EB621008EEFC3 /* Assets.xcassets in Resources */ = {isa = PBXBuildFile; fileRef = 5389CA3F2B1EB621008EEFC3 /* Assets.xcassets */; };
		5389CA432B1EB621008EEFC3 /* LaunchScreen.storyboard in Resources */ = {isa = PBXBuildFile; fileRef = 5389CA412B1EB621008EEFC3 /* LaunchScreen.storyboard */; };
		5389CA4B2B1EB944008EEFC3 /* PlayersViewController.swift in Sources */ = {isa = PBXBuildFile; fileRef = 5389CA4A2B1EB944008EEFC3 /* PlayersViewController.swift */; };
		5389CA4D2B1EC33A008EEFC3 /* GameDetailsViewController.swift in Sources */ = {isa = PBXBuildFile; fileRef = 5389CA4C2B1EC33A008EEFC3 /* GameDetailsViewController.swift */; };
		53F133A02B56413200315BB4 /* ResultViewController.swift in Sources */ = {isa = PBXBuildFile; fileRef = 53F1339F2B56413200315BB4 /* ResultViewController.swift */; };
		53F133A22B56638800315BB4 /* SpyViewController.swift in Sources */ = {isa = PBXBuildFile; fileRef = 53F133A12B56638800315BB4 /* SpyViewController.swift */; };
/* End PBXBuildFile section */

/* Begin PBXFileReference section */
		5310AD432B4E23880017ED9A /* SusViewController.swift */ = {isa = PBXFileReference; lastKnownFileType = sourcecode.swift; path = SusViewController.swift; sourceTree = "<group>"; };
		536DCDF32B2610800013F5C6 /* QuestionsViewController.swift */ = {isa = PBXFileReference; lastKnownFileType = sourcecode.swift; path = QuestionsViewController.swift; sourceTree = "<group>"; };
		536E484C2B57B1DD0067A24D /* ScoreViewController.swift */ = {isa = PBXFileReference; lastKnownFileType = sourcecode.swift; path = ScoreViewController.swift; sourceTree = "<group>"; };
		5389CA332B1EB61C008EEFC3 /* ui.app */ = {isa = PBXFileReference; explicitFileType = wrapper.application; includeInIndex = 0; path = ui.app; sourceTree = BUILT_PRODUCTS_DIR; };
		5389CA362B1EB61C008EEFC3 /* AppDelegate.swift */ = {isa = PBXFileReference; lastKnownFileType = sourcecode.swift; path = AppDelegate.swift; sourceTree = "<group>"; };
		5389CA382B1EB61C008EEFC3 /* SceneDelegate.swift */ = {isa = PBXFileReference; lastKnownFileType = sourcecode.swift; path = SceneDelegate.swift; sourceTree = "<group>"; };
		5389CA3D2B1EB61C008EEFC3 /* Base */ = {isa = PBXFileReference; lastKnownFileType = file.storyboard; name = Base; path = Base.lproj/Main.storyboard; sourceTree = "<group>"; };
		5389CA3F2B1EB621008EEFC3 /* Assets.xcassets */ = {isa = PBXFileReference; lastKnownFileType = folder.assetcatalog; path = Assets.xcassets; sourceTree = "<group>"; };
		5389CA422B1EB621008EEFC3 /* Base */ = {isa = PBXFileReference; lastKnownFileType = file.storyboard; name = Base; path = Base.lproj/LaunchScreen.storyboard; sourceTree = "<group>"; };
		5389CA442B1EB621008EEFC3 /* Info.plist */ = {isa = PBXFileReference; lastKnownFileType = text.plist.xml; path = Info.plist; sourceTree = "<group>"; };
		5389CA4A2B1EB944008EEFC3 /* PlayersViewController.swift */ = {isa = PBXFileReference; lastKnownFileType = sourcecode.swift; path = PlayersViewController.swift; sourceTree = "<group>"; };
		5389CA4C2B1EC33A008EEFC3 /* GameDetailsViewController.swift */ = {isa = PBXFileReference; lastKnownFileType = sourcecode.swift; path = GameDetailsViewController.swift; sourceTree = "<group>"; };
		53F1339F2B56413200315BB4 /* ResultViewController.swift */ = {isa = PBXFileReference; lastKnownFileType = sourcecode.swift; path = ResultViewController.swift; sourceTree = "<group>"; };
		53F133A12B56638800315BB4 /* SpyViewController.swift */ = {isa = PBXFileReference; lastKnownFileType = sourcecode.swift; path = SpyViewController.swift; sourceTree = "<group>"; };
/* End PBXFileReference section */

/* Begin PBXFrameworksBuildPhase section */
		5389CA302B1EB61C008EEFC3 /* Frameworks */ = {
			isa = PBXFrameworksBuildPhase;
			buildActionMask = 2147483647;
			files = (
			);
			runOnlyForDeploymentPostprocessing = 0;
		};
/* End PBXFrameworksBuildPhase section */

/* Begin PBXGroup section */
		5389CA2A2B1EB61C008EEFC3 = {
			isa = PBXGroup;
			children = (
				5389CA352B1EB61C008EEFC3 /* ui */,
				5389CA342B1EB61C008EEFC3 /* Products */,
			);
			sourceTree = "<group>";
		};
		5389CA342B1EB61C008EEFC3 /* Products */ = {
			isa = PBXGroup;
			children = (
				5389CA332B1EB61C008EEFC3 /* ui.app */,
			);
			name = Products;
			sourceTree = "<group>";
		};
		5389CA352B1EB61C008EEFC3 /* ui */ = {
			isa = PBXGroup;
			children = (
				5389CA362B1EB61C008EEFC3 /* AppDelegate.swift */,
				5389CA382B1EB61C008EEFC3 /* SceneDelegate.swift */,
				5389CA4A2B1EB944008EEFC3 /* PlayersViewController.swift */,
				5389CA4C2B1EC33A008EEFC3 /* GameDetailsViewController.swift */,
				536DCDF32B2610800013F5C6 /* QuestionsViewController.swift */,
				5310AD432B4E23880017ED9A /* SusViewController.swift */,
				53F1339F2B56413200315BB4 /* ResultViewController.swift */,
				53F133A12B56638800315BB4 /* SpyViewController.swift */,
				536E484C2B57B1DD0067A24D /* ScoreViewController.swift */,
				5389CA3C2B1EB61C008EEFC3 /* Main.storyboard */,
				5389CA3F2B1EB621008EEFC3 /* Assets.xcassets */,
				5389CA412B1EB621008EEFC3 /* LaunchScreen.storyboard */,
				5389CA442B1EB621008EEFC3 /* Info.plist */,
			);
			path = ui;
			sourceTree = "<group>";
		};
/* End PBXGroup section */

/* Begin PBXNativeTarget section */
		5389CA322B1EB61C008EEFC3 /* ui */ = {
			isa = PBXNativeTarget;
			buildConfigurationList = 5389CA472B1EB621008EEFC3 /* Build configuration list for PBXNativeTarget "ui" */;
			buildPhases = (
				5389CA2F2B1EB61C008EEFC3 /* Sources */,
				5389CA302B1EB61C008EEFC3 /* Frameworks */,
				5389CA312B1EB61C008EEFC3 /* Resources */,
			);
			buildRules = (
			);
			dependencies = (
			);
			name = ui;
			productName = ui;
			productReference = 5389CA332B1EB61C008EEFC3 /* ui.app */;
			productType = "com.apple.product-type.application";
		};
/* End PBXNativeTarget section */

/* Begin PBXProject section */
		5389CA2B2B1EB61C008EEFC3 /* Project object */ = {
			isa = PBXProject;
			attributes = {
				BuildIndependentTargetsInParallel = 1;
				LastSwiftUpdateCheck = 1500;
				LastUpgradeCheck = 1500;
				TargetAttributes = {
					5389CA322B1EB61C008EEFC3 = {
						CreatedOnToolsVersion = 15.0.1;
					};
				};
			};
			buildConfigurationList = 5389CA2E2B1EB61C008EEFC3 /* Build configuration list for PBXProject "ui" */;
			compatibilityVersion = "Xcode 14.0";
			developmentRegion = en;
			hasScannedForEncodings = 0;
			knownRegions = (
				en,
				Base,
			);
			mainGroup = 5389CA2A2B1EB61C008EEFC3;
			productRefGroup = 5389CA342B1EB61C008EEFC3 /* Products */;
			projectDirPath = "";
			projectRoot = "";
			targets = (
				5389CA322B1EB61C008EEFC3 /* ui */,
			);
		};
/* End PBXProject section */

/* Begin PBXResourcesBuildPhase section */
		5389CA312B1EB61C008EEFC3 /* Resources */ = {
			isa = PBXResourcesBuildPhase;
			buildActionMask = 2147483647;
			files = (
				5389CA432B1EB621008EEFC3 /* LaunchScreen.storyboard in Resources */,
				5389CA402B1EB621008EEFC3 /* Assets.xcassets in Resources */,
				5389CA3E2B1EB61C008EEFC3 /* Main.storyboard in Resources */,
			);
			runOnlyForDeploymentPostprocessing = 0;
		};
/* End PBXResourcesBuildPhase section */

/* Begin PBXSourcesBuildPhase section */
		5389CA2F2B1EB61C008EEFC3 /* Sources */ = {
			isa = PBXSourcesBuildPhase;
			buildActionMask = 2147483647;
			files = (
				5389CA4B2B1EB944008EEFC3 /* PlayersViewController.swift in Sources */,
				536DCDF42B2610800013F5C6 /* QuestionsViewController.swift in Sources */,
				53F133A02B56413200315BB4 /* ResultViewController.swift in Sources */,
				5310AD442B4E23880017ED9A /* SusViewController.swift in Sources */,
				5389CA4D2B1EC33A008EEFC3 /* GameDetailsViewController.swift in Sources */,
				53F133A22B56638800315BB4 /* SpyViewController.swift in Sources */,
				5389CA372B1EB61C008EEFC3 /* AppDelegate.swift in Sources */,
				5389CA392B1EB61C008EEFC3 /* SceneDelegate.swift in Sources */,
				536E484D2B57B1DD0067A24D /* ScoreViewController.swift in Sources */,
			);
			runOnlyForDeploymentPostprocessing = 0;
		};
/* End PBXSourcesBuildPhase section */

/* Begin PBXVariantGroup section */
		5389CA3C2B1EB61C008EEFC3 /* Main.storyboard */ = {
			isa = PBXVariantGroup;
			children = (
				5389CA3D2B1EB61C008EEFC3 /* Base */,
			);
			name = Main.storyboard;
			sourceTree = "<group>";
		};
		5389CA412B1EB621008EEFC3 /* LaunchScreen.storyboard */ = {
			isa = PBXVariantGroup;
			children = (
				5389CA422B1EB621008EEFC3 /* Base */,
			);
			name = LaunchScreen.storyboard;
			sourceTree = "<group>";
		};
/* End PBXVariantGroup section */

/* Begin XCBuildConfiguration section */
		5389CA452B1EB621008EEFC3 /* Debug */ = {
			isa = XCBuildConfiguration;
			buildSettings = {
				ALWAYS_SEARCH_USER_PATHS = NO;
				ASSETCATALOG_COMPILER_GENERATE_SWIFT_ASSET_SYMBOL_EXTENSIONS = YES;
				CLANG_ANALYZER_NONNULL = YES;
				CLANG_ANALYZER_NUMBER_OBJECT_CONVERSION = YES_AGGRESSIVE;
				CLANG_CXX_LANGUAGE_STANDARD = "gnu++20";
				CLANG_ENABLE_MODULES = YES;
				CLANG_ENABLE_OBJC_ARC = YES;
				CLANG_ENABLE_OBJC_WEAK = YES;
				CLANG_WARN_BLOCK_CAPTURE_AUTORELEASING = YES;
				CLANG_WARN_BOOL_CONVERSION = YES;
				CLANG_WARN_COMMA = YES;
				CLANG_WARN_CONSTANT_CONVERSION = YES;
				CLANG_WARN_DEPRECATED_OBJC_IMPLEMENTATIONS = YES;
				CLANG_WARN_DIRECT_OBJC_ISA_USAGE = YES_ERROR;
				CLANG_WARN_DOCUMENTATION_COMMENTS = YES;
				CLANG_WARN_EMPTY_BODY = YES;
				CLANG_WARN_ENUM_CONVERSION = YES;
				CLANG_WARN_INFINITE_RECURSION = YES;
				CLANG_WARN_INT_CONVERSION = YES;
				CLANG_WARN_NON_LITERAL_NULL_CONVERSION = YES;
				CLANG_WARN_OBJC_IMPLICIT_RETAIN_SELF = YES;
				CLANG_WARN_OBJC_LITERAL_CONVERSION = YES;
				CLANG_WARN_OBJC_ROOT_CLASS = YES_ERROR;
				CLANG_WARN_QUOTED_INCLUDE_IN_FRAMEWORK_HEADER = YES;
				CLANG_WARN_RANGE_LOOP_ANALYSIS = YES;
				CLANG_WARN_STRICT_PROTOTYPES = YES;
				CLANG_WARN_SUSPICIOUS_MOVE = YES;
				CLANG_WARN_UNGUARDED_AVAILABILITY = YES_AGGRESSIVE;
				CLANG_WARN_UNREACHABLE_CODE = YES;
				CLANG_WARN__DUPLICATE_METHOD_MATCH = YES;
				COPY_PHASE_STRIP = NO;
				DEBUG_INFORMATION_FORMAT = dwarf;
				ENABLE_STRICT_OBJC_MSGSEND = YES;
				ENABLE_TESTABILITY = YES;
				ENABLE_USER_SCRIPT_SANDBOXING = YES;
				GCC_C_LANGUAGE_STANDARD = gnu17;
				GCC_DYNAMIC_NO_PIC = NO;
				GCC_NO_COMMON_BLOCKS = YES;
				GCC_OPTIMIZATION_LEVEL = 0;
				GCC_PREPROCESSOR_DEFINITIONS = (
					"DEBUG=1",
					"$(inherited)",
				);
				GCC_WARN_64_TO_32_BIT_CONVERSION = YES;
				GCC_WARN_ABOUT_RETURN_TYPE = YES_ERROR;
				GCC_WARN_UNDECLARED_SELECTOR = YES;
				GCC_WARN_UNINITIALIZED_AUTOS = YES_AGGRESSIVE;
				GCC_WARN_UNUSED_FUNCTION = YES;
				GCC_WARN_UNUSED_VARIABLE = YES;
				IPHONEOS_DEPLOYMENT_TARGET = 17.0;
				LOCALIZATION_PREFERS_STRING_CATALOGS = YES;
				MTL_ENABLE_DEBUG_INFO = INCLUDE_SOURCE;
				MTL_FAST_MATH = YES;
				ONLY_ACTIVE_ARCH = YES;
				SDKROOT = iphoneos;
				SWIFT_ACTIVE_COMPILATION_CONDITIONS = "DEBUG $(inherited)";
				SWIFT_OPTIMIZATION_LEVEL = "-Onone";
			};
			name = Debug;
		};
		5389CA462B1EB621008EEFC3 /* Release */ = {
			isa = XCBuildConfiguration;
			buildSettings = {
				ALWAYS_SEARCH_USER_PATHS = NO;
				ASSETCATALOG_COMPILER_GENERATE_SWIFT_ASSET_SYMBOL_EXTENSIONS = YES;
				CLANG_ANALYZER_NONNULL = YES;
				CLANG_ANALYZER_NUMBER_OBJECT_CONVERSION = YES_AGGRESSIVE;
				CLANG_CXX_LANGUAGE_STANDARD = "gnu++20";
				CLANG_ENABLE_MODULES = YES;
				CLANG_ENABLE_OBJC_ARC = YES;
				CLANG_ENABLE_OBJC_WEAK = YES;
				CLANG_WARN_BLOCK_CAPTURE_AUTORELEASING = YES;
				CLANG_WARN_BOOL_CONVERSION = YES;
				CLANG_WARN_COMMA = YES;
				CLANG_WARN_CONSTANT_CONVERSION = YES;
				CLANG_WARN_DEPRECATED_OBJC_IMPLEMENTATIONS = YES;
				CLANG_WARN_DIRECT_OBJC_ISA_USAGE = YES_ERROR;
				CLANG_WARN_DOCUMENTATION_COMMENTS = YES;
				CLANG_WARN_EMPTY_BODY = YES;
				CLANG_WARN_ENUM_CONVERSION = YES;
				CLANG_WARN_INFINITE_RECURSION = YES;
				CLANG_WARN_INT_CONVERSION = YES;
				CLANG_WARN_NON_LITERAL_NULL_CONVERSION = YES;
				CLANG_WARN_OBJC_IMPLICIT_RETAIN_SELF = YES;
				CLANG_WARN_OBJC_LITERAL_CONVERSION = YES;
				CLANG_WARN_OBJC_ROOT_CLASS = YES_ERROR;
				CLANG_WARN_QUOTED_INCLUDE_IN_FRAMEWORK_HEADER = YES;
				CLANG_WARN_RANGE_LOOP_ANALYSIS = YES;
				CLANG_WARN_STRICT_PROTOTYPES = YES;
				CLANG_WARN_SUSPICIOUS_MOVE = YES;
				CLANG_WARN_UNGUARDED_AVAILABILITY = YES_AGGRESSIVE;
				CLANG_WARN_UNREACHABLE_CODE = YES;
				CLANG_WARN__DUPLICATE_METHOD_MATCH = YES;
				COPY_PHASE_STRIP = NO;
				DEBUG_INFORMATION_FORMAT = "dwarf-with-dsym";
				ENABLE_NS_ASSERTIONS = NO;
				ENABLE_STRICT_OBJC_MSGSEND = YES;
				ENABLE_USER_SCRIPT_SANDBOXING = YES;
				GCC_C_LANGUAGE_STANDARD = gnu17;
				GCC_NO_COMMON_BLOCKS = YES;
				GCC_WARN_64_TO_32_BIT_CONVERSION = YES;
				GCC_WARN_ABOUT_RETURN_TYPE = YES_ERROR;
				GCC_WARN_UNDECLARED_SELECTOR = YES;
				GCC_WARN_UNINITIALIZED_AUTOS = YES_AGGRESSIVE;
				GCC_WARN_UNUSED_FUNCTION = YES;
				GCC_WARN_UNUSED_VARIABLE = YES;
				IPHONEOS_DEPLOYMENT_TARGET = 17.0;
				LOCALIZATION_PREFERS_STRING_CATALOGS = YES;
				MTL_ENABLE_DEBUG_INFO = NO;
				MTL_FAST_MATH = YES;
				SDKROOT = iphoneos;
				SWIFT_COMPILATION_MODE = wholemodule;
				VALIDATE_PRODUCT = YES;
			};
			name = Release;
		};
		5389CA482B1EB621008EEFC3 /* Debug */ = {
			isa = XCBuildConfiguration;
			buildSettings = {
				ASSETCATALOG_COMPILER_APPICON_NAME = AppIcon;
				ASSETCATALOG_COMPILER_GLOBAL_ACCENT_COLOR_NAME = AccentColor;
				CODE_SIGN_STYLE = Automatic;
				CURRENT_PROJECT_VERSION = 1;
				DEVELOPMENT_TEAM = QM2K5C92CZ;
				GENERATE_INFOPLIST_FILE = YES;
				INFOPLIST_FILE = ui/Info.plist;
				INFOPLIST_KEY_UIApplicationSupportsIndirectInputEvents = YES;
				INFOPLIST_KEY_UILaunchStoryboardName = LaunchScreen;
				INFOPLIST_KEY_UIMainStoryboardFile = Main;
				INFOPLIST_KEY_UISupportedInterfaceOrientations_iPad = "UIInterfaceOrientationPortrait UIInterfaceOrientationPortraitUpsideDown UIInterfaceOrientationLandscapeLeft UIInterfaceOrientationLandscapeRight";
				INFOPLIST_KEY_UISupportedInterfaceOrientations_iPhone = "UIInterfaceOrientationPortrait UIInterfaceOrientationLandscapeLeft UIInterfaceOrientationLandscapeRight";
				LD_RUNPATH_SEARCH_PATHS = (
					"$(inherited)",
					"@executable_path/Frameworks",
				);
				MARKETING_VERSION = 1.0;
				PRODUCT_BUNDLE_IDENTIFIER = com.interrupid.ui;
				PRODUCT_NAME = "$(TARGET_NAME)";
				SWIFT_EMIT_LOC_STRINGS = YES;
				SWIFT_VERSION = 5.0;
				TARGETED_DEVICE_FAMILY = "1,2";
			};
			name = Debug;
		};
		5389CA492B1EB621008EEFC3 /* Release */ = {
			isa = XCBuildConfiguration;
			buildSettings = {
				ASSETCATALOG_COMPILER_APPICON_NAME = AppIcon;
				ASSETCATALOG_COMPILER_GLOBAL_ACCENT_COLOR_NAME = AccentColor;
				CODE_SIGN_STYLE = Automatic;
				CURRENT_PROJECT_VERSION = 1;
				DEVELOPMENT_TEAM = QM2K5C92CZ;
				GENERATE_INFOPLIST_FILE = YES;
				INFOPLIST_FILE = ui/Info.plist;
				INFOPLIST_KEY_UIApplicationSupportsIndirectInputEvents = YES;
				INFOPLIST_KEY_UILaunchStoryboardName = LaunchScreen;
				INFOPLIST_KEY_UIMainStoryboardFile = Main;
				INFOPLIST_KEY_UISupportedInterfaceOrientations_iPad = "UIInterfaceOrientationPortrait UIInterfaceOrientationPortraitUpsideDown UIInterfaceOrientationLandscapeLeft UIInterfaceOrientationLandscapeRight";
				INFOPLIST_KEY_UISupportedInterfaceOrientations_iPhone = "UIInterfaceOrientationPortrait UIInterfaceOrientationLandscapeLeft UIInterfaceOrientationLandscapeRight";
				LD_RUNPATH_SEARCH_PATHS = (
					"$(inherited)",
					"@executable_path/Frameworks",
				);
				MARKETING_VERSION = 1.0;
				PRODUCT_BUNDLE_IDENTIFIER = com.interrupid.ui;
				PRODUCT_NAME = "$(TARGET_NAME)";
				SWIFT_EMIT_LOC_STRINGS = YES;
				SWIFT_VERSION = 5.0;
				TARGETED_DEVICE_FAMILY = "1,2";
			};
			name = Release;
		};
/* End XCBuildConfiguration section */

/* Begin XCConfigurationList section */
		5389CA2E2B1EB61C008EEFC3 /* Build configuration list for PBXProject "ui" */ = {
			isa = XCConfigurationList;
			buildConfigurations = (
				5389CA452B1EB621008EEFC3 /* Debug */,
				5389CA462B1EB621008EEFC3 /* Release */,
			);
			defaultConfigurationIsVisible = 0;
			defaultConfigurationName = Release;
		};
		5389CA472B1EB621008EEFC3 /* Build configuration list for PBXNativeTarget "ui" */ = {
			isa = XCConfigurationList;
			buildConfigurations = (
				5389CA482B1EB621008EEFC3 /* Debug */,
				5389CA492B1EB621008EEFC3 /* Release */,
			);
			defaultConfigurationIsVisible = 0;
			defaultConfigurationName = Release;
		};
/* End XCConfigurationList section */
	};
	rootObject = 5389CA2B2B1EB61C008EEFC3 /* Project object */;
}
